Microsoft Visual Studio Solution File, Format Version 12.00
# Visual Studio Version 17
VisualStudioVersion = 17.5.2.0
MinimumVisualStudioVersion = 10.0.40219.1
Project("{FAE04EC0-301F-11D3-BF4B-00C04F79EFBC}") = "VisitorCount", "VisitorCount.csproj", "{7FB46F9A-9DA1-4173-836E-CDBCE722279B}"
EndProject
Global
	GlobalSection(SolutionConfigurationPlatforms) = preSolution
		Debug|Any CPU = Debug|Any CPU
		Release|Any CPU = Release|Any CPU
	EndGlobalSection
	GlobalSection(ProjectConfigurationPlatforms) = postSolution
		{7FB46F9A-9DA1-4173-836E-CDBCE722279B}.Debug|Any CPU.ActiveCfg = Debug|Any CPU
		{7FB46F9A-9DA1-4173-836E-CDBCE722279B}.Debug|Any CPU.Build.0 = Debug|Any CPU
		{7FB46F9A-9DA1-4173-836E-CDBCE722279B}.Release|Any CPU.ActiveCfg = Release|Any CPU
		{7FB46F9A-9DA1-4173-836E-CDBCE722279B}.Release|Any CPU.Build.0 = Release|Any CPU
	EndGlobalSection
	GlobalSection(SolutionProperties) = preSolution
		HideSolutionNode = FALSE
	EndGlobalSection
	GlobalSection(ExtensibilityGlobals) = postSolution
		SolutionGuid = {FAEB238E-D4DA-4DF1-9C54-5DE7E668C86D}
	EndGlobalSection
EndGlobal
